
Microsoft Visual Studio Solution File, Format Version 12.00
# Visual Studio Version 17
VisualStudioVersion = 17.7.34024.191
MinimumVisualStudioVersion = 10.0.40219.1
Project("{FAE04EC0-301F-11D3-BF4B-00C04F79EFBC}") = "Stars", "Stars\Stars.csproj", "{18073B28-9EB4-4B09-BA5B-7DA33478D3A0}"
EndProject
Global
	GlobalSection(SolutionConfigurationPlatforms) = preSolution
		Debug|Any CPU = Debug|Any CPU
		Release|Any CPU = Release|Any CPU
	EndGlobalSection
	GlobalSection(ProjectConfigurationPlatforms) = postSolution
		{18073B28-9EB4-4B09-BA5B-7DA33478D3A0}.Debug|Any CPU.ActiveCfg = Debug|Any CPU
		{18073B28-9EB4-4B09-BA5B-7DA33478D3A0}.Debug|Any CPU.Build.0 = Debug|Any CPU
		{18073B28-9EB4-4B09-BA5B-7DA33478D3A0}.Release|Any CPU.ActiveCfg = Release|Any CPU
		{18073B28-9EB4-4B09-BA5B-7DA33478D3A0}.Release|Any CPU.Build.0 = Release|Any CPU
	EndGlobalSection
	GlobalSection(SolutionProperties) = preSolution
		HideSolutionNode = FALSE
	EndGlobalSection
	GlobalSection(ExtensibilityGlobals) = postSolution
		SolutionGuid = {456A6C59-0FB2-4D10-9969-587FA61B476E}
	EndGlobalSection
EndGlobal
